PODS:
  - Flutter (1.0.0)
  - receive_sharing_intent (1.6.7):
    - Flutter

DEPENDENCIES:
  - Flutter (from `Flutter`)
  - receive_sharing_intent (from `.symlinks/plugins/receive_sharing_intent/ios`)

EXTERNAL SOURCES:
  Flutter:
    :path: Flutter
  receive_sharing_intent:
    :path: ".symlinks/plugins/receive_sharing_intent/ios"

SPEC CHECKSUMS:
  Flutter: e0871f40cf51350855a761d2e70bf5af5b9b5de7
  receive_sharing_intent: 9ca20ae908f83c36ddaaaa8c9bd30ce4700495e8

PODFILE CHECKSUM: 65682acd09af60b56c67176aee1114ec4571c316

COCOAPODS: 1.14.3
